
Microsoft Visual Studio Solution File, Format Version 12.00
# Visual Studio Version 17
VisualStudioVersion = 17.11.35327.3
MinimumVisualStudioVersion = 10.0.40219.1
Project("{FAE04EC0-301F-11D3-BF4B-00C04F79EFBC}") = "wpf git", "wpf git\wpf git.csproj", "{73493024-B736-4C3C-BFF4-115EAA50C2C8}"
EndProject
Global
	GlobalSection(SolutionConfigurationPlatforms) = preSolution
		Debug|Any CPU = Debug|Any CPU
		Release|Any CPU = Release|Any CPU
	EndGlobalSection
	GlobalSection(ProjectConfigurationPlatforms) = postSolution
		{73493024-B736-4C3C-BFF4-115EAA50C2C8}.Debug|Any CPU.ActiveCfg = Debug|Any CPU
		{73493024-B736-4C3C-BFF4-115EAA50C2C8}.Debug|Any CPU.Build.0 = Debug|Any CPU
		{73493024-B736-4C3C-BFF4-115EAA50C2C8}.Release|Any CPU.ActiveCfg = Release|Any CPU
		{73493024-B736-4C3C-BFF4-115EAA50C2C8}.Release|Any CPU.Build.0 = Release|Any CPU
	EndGlobalSection
	GlobalSection(SolutionProperties) = preSolution
		HideSolutionNode = FALSE
	EndGlobalSection
	GlobalSection(ExtensibilityGlobals) = postSolution
		SolutionGuid = {E8A7FF82-626A-4F69-8179-78D3C53A5861}
	EndGlobalSection
EndGlobal
